name: carsales
channels:
  - conda-forge
  - defaults
dependencies:
  - alabaster=0.7.12=pyhd3eb1b0_0
  - anyio=3.5.0=py310hecd8cb5_0
  - appdirs=1.4.4=pyhd3eb1b0_0
  - appnope=0.1.2=py310hecd8cb5_1001
  - argon2-cffi=21.3.0=pyhd3eb1b0_0
  - argon2-cffi-bindings=21.2.0=py310hca72f7f_0
  - astroid=2.9.0=py310hecd8cb5_0
  - asttokens=2.0.5=pyhd3eb1b0_0
  - attrs=21.4.0=pyhd3eb1b0_0
  - babel=2.9.1=pyhd3eb1b0_0
  - backcall=0.2.0=pyhd3eb1b0_0
  - beautifulsoup4=4.11.1=py310hecd8cb5_0
  - blas=1.0=mkl
  - bleach=4.1.0=pyhd3eb1b0_0
  - bottleneck=1.3.5=py310h4e76f89_0
  - brotlipy=0.7.0=py310hca72f7f_1002
  - bzip2=1.0.8=h1de35cc_0
  - ca-certificates=2022.4.26=hecd8cb5_0
  - certifi=2022.6.15=py310hecd8cb5_0
  - cffi=1.15.0=py310hc55c11b_1
  - cfgv=3.3.1=pyhd8ed1ab_0
  - charset-normalizer=2.0.4=pyhd3eb1b0_0
  - colorama=0.4.5=py310hecd8cb5_0
  - commonmark=0.9.1=pyhd3eb1b0_0
  - coverage=6.3.2=py310hca72f7f_0
  - cryptography=37.0.1=py310hf6deb26_0
  - debugpy=1.5.1=py310he9d5cce_0
  - decorator=5.1.1=pyhd3eb1b0_0
  - defusedxml=0.7.1=pyhd3eb1b0_0
  - distlib=0.3.2=pyhd3eb1b0_0
  - docutils=0.17.1=py310h2ec42d9_2
  - entrypoints=0.4=py310hecd8cb5_0
  - executing=0.8.3=pyhd3eb1b0_0
  - filelock=3.6.0=pyhd3eb1b0_0
  - future=0.18.2=py310hecd8cb5_1
  - gitdb=4.0.7=pyhd3eb1b0_0
  - gitpython=3.1.18=pyhd3eb1b0_1
  - identify=2.5.1=pyhd8ed1ab_0
  - idna=3.3=pyhd3eb1b0_0
  - imagesize=1.4.1=py310hecd8cb5_0
  - importlib-metadata=4.11.3=py310hecd8cb5_0
  - iniconfig=1.1.1=pyhd3eb1b0_0
  - intel-openmp=2021.4.0=hecd8cb5_3538
  - ipykernel=6.9.1=py310hecd8cb5_0
  - ipython=8.3.0=py310hecd8cb5_0
  - ipython_genutils=0.2.0=pyhd3eb1b0_1
  - isort=5.9.3=pyhd3eb1b0_0
  - jedi=0.18.1=py310hecd8cb5_1
  - jinja2=3.0.3=pyhd3eb1b0_0
  - json5=0.9.6=pyhd3eb1b0_0
  - jsonschema=4.4.0=py310hecd8cb5_0
  - jupyter-server-mathjax=0.2.5=pyhc268e32_0
  - jupyter_client=7.2.2=py310hecd8cb5_0
  - jupyter_core=4.10.0=py310hecd8cb5_0
  - jupyter_server=1.17.1=py310hecd8cb5_0
  - jupyterlab=3.3.2=pyhd3eb1b0_0
  - jupyterlab_pygments=0.1.2=py_0
  - jupyterlab_server=2.12.0=py310hecd8cb5_0
  - lazy-object-proxy=1.6.0=py310hca72f7f_0
  - libcxx=12.0.0=h2f01273_0
  - libffi=3.3=hb1e8313_2
  - libsodium=1.0.18=h1de35cc_0
  - markupsafe=2.1.1=py310hca72f7f_0
  - matplotlib-inline=0.1.2=pyhd3eb1b0_2
  - mccabe=0.7.0=pyhd3eb1b0_0
  - mistune=0.8.4=py310hca72f7f_1000
  - mkl=2021.4.0=hecd8cb5_637
  - mkl-service=2.4.0=py310hca72f7f_0
  - mkl_fft=1.3.1=py310hf879493_0
  - mkl_random=1.2.2=py310hc081a56_0
  - nbclassic=0.3.5=pyhd3eb1b0_0
  - nbclient=0.5.13=py310hecd8cb5_0
  - nbconvert=6.4.4=py310hecd8cb5_0
  - nbdime=3.1.1=pyhd8ed1ab_0
  - nbformat=5.3.0=py310hecd8cb5_0
  - nbstripout=0.5.0=pyhd8ed1ab_0
  - ncurses=6.3=hca72f7f_3
  - nest-asyncio=1.5.5=py310hecd8cb5_0
  - nodeenv=1.7.0=pyhd8ed1ab_0
  - notebook=6.4.11=py310hecd8cb5_0
  - numexpr=2.8.3=py310hdcd3fac_0
  - numpy=1.22.3=py310hdcd3fac_0
  - numpy-base=1.22.3=py310hfd2de13_0
  - openssl=1.1.1p=hca72f7f_0
  - packaging=21.3=pyhd3eb1b0_0
  - pandas=1.4.2=py310he9d5cce_0
  - pandocfilters=1.5.0=pyhd3eb1b0_0
  - parso=0.8.3=pyhd3eb1b0_0
  - pexpect=4.8.0=pyhd3eb1b0_3
  - pickleshare=0.7.5=pyhd3eb1b0_1003
  - pip=22.1.2=py310hecd8cb5_0
  - platformdirs=2.4.0=pyhd3eb1b0_0
  - pluggy=1.0.0=py310hecd8cb5_1
  - pre-commit=2.19.0=py310h2ec42d9_0
  - pre_commit=2.19.0=hd8ed1ab_0
  - prometheus_client=0.13.1=pyhd3eb1b0_0
  - prompt-toolkit=3.0.20=pyhd3eb1b0_0
  - ptyprocess=0.7.0=pyhd3eb1b0_2
  - pure_eval=0.2.2=pyhd3eb1b0_0
  - py=1.11.0=pyhd3eb1b0_0
  - pycparser=2.21=pyhd3eb1b0_0
  - pygments=2.11.2=pyhd3eb1b0_0
  - pylint=2.12.2=py310hecd8cb5_1
  - pyopenssl=22.0.0=pyhd3eb1b0_0
  - pyparsing=3.0.4=pyhd3eb1b0_0
  - pyrsistent=0.18.0=py310hca72f7f_0
  - pysocks=1.7.1=py310hecd8cb5_0
  - pytest=7.1.2=py310hecd8cb5_0
  - pytest-cov=3.0.0=pyhd3eb1b0_0
  - python=3.10.4=hdfd78df_0
  - python-dateutil=2.8.2=pyhd3eb1b0_0
  - python-fastjsonschema=2.15.1=pyhd3eb1b0_0
  - python_abi=3.10=2_cp310
  - pytz=2022.1=py310hecd8cb5_0
  - pyzmq=22.3.0=py310he9d5cce_2
  - readline=8.1.2=hca72f7f_1
  - recommonmark=0.6.0=pyhd3eb1b0_0
  - requests=2.28.0=py310hecd8cb5_0
  - send2trash=1.8.0=pyhd3eb1b0_1
  - setuptools=61.2.0=py310hecd8cb5_0
  - six=1.16.0=pyhd3eb1b0_1
  - smmap=4.0.0=pyhd3eb1b0_0
  - sniffio=1.2.0=py310hecd8cb5_1
  - snowballstemmer=2.2.0=pyhd3eb1b0_0
  - soupsieve=2.3.1=pyhd3eb1b0_0
  - sphinx=4.4.0=pyhd3eb1b0_0
  - sphinxcontrib-applehelp=1.0.2=pyhd3eb1b0_0
  - sphinxcontrib-devhelp=1.0.2=pyhd3eb1b0_0
  - sphinxcontrib-htmlhelp=2.0.0=pyhd3eb1b0_0
  - sphinxcontrib-jsmath=1.0.1=pyhd3eb1b0_0
  - sphinxcontrib-qthelp=1.0.3=pyhd3eb1b0_0
  - sphinxcontrib-serializinghtml=1.1.5=pyhd3eb1b0_0
  - sqlite=3.38.5=h707629a_0
  - stack_data=0.2.0=pyhd3eb1b0_0
  - terminado=0.13.1=py310hecd8cb5_0
  - testpath=0.6.0=py310hecd8cb5_0
  - tk=8.6.12=h5d9f67b_0
  - toml=0.10.2=pyhd3eb1b0_0
  - tomli=2.0.1=py310hecd8cb5_0
  - tornado=6.1=py310hca72f7f_0
  - tox=3.25.1=pyhd8ed1ab_0
  - traitlets=5.1.1=pyhd3eb1b0_0
  - typing-extensions=4.1.1=hd3eb1b0_0
  - typing_extensions=4.1.1=pyh06a4308_0
  - tzdata=2022a=hda174b7_0
  - ukkonen=1.0.1=py310h2fea185_1
  - urllib3=1.26.9=py310hecd8cb5_0
  - virtualenv=20.4.6=py310hecd8cb5_1
  - wcwidth=0.2.5=pyhd3eb1b0_0
  - webencodings=0.5.1=py310hecd8cb5_1
  - websocket-client=0.58.0=py310hecd8cb5_4
  - wheel=0.37.1=pyhd3eb1b0_0
  - wrapt=1.13.3=py310hca72f7f_2
  - xz=5.2.5=hca72f7f_1
  - yaml=0.2.5=haf1e3a3_0
  - zeromq=4.3.4=h23ab428_0
  - zipp=3.8.0=py310hecd8cb5_0
  - zlib=1.2.12=h4dc903c_2
  - pip:
    - black==22.6.0
    - click==8.1.3
    - mypy-extensions==0.4.3
    - pathspec==0.9.0
    - pyyaml==6.0
    - tokenize-rt==4.2.1
prefix: /Users/clementverrier/miniconda3/envs/carsales
